
Microsoft Visual Studio Solution File, Format Version 12.00
# Visual Studio Version 17
VisualStudioVersion = 17.11.35222.181
MinimumVisualStudioVersion = 10.0.40219.1
Project("{FAE04EC0-301F-11D3-BF4B-00C04F79EFBC}") = "Employee", "Employee\Employee.csproj", "{6A224DFD-1A27-4315-9CDA-6808138B4DF3}"
EndProject
Project("{FAE04EC0-301F-11D3-BF4B-00C04F79EFBC}") = "Payroll", "Payroll\Payroll.csproj", "{C5A3D75E-91EC-4E39-9651-772A339D9558}"
EndProject
Global
	GlobalSection(SolutionConfigurationPlatforms) = preSolution
		Debug|Any CPU = Debug|Any CPU
		Release|Any CPU = Release|Any CPU
	EndGlobalSection
	GlobalSection(ProjectConfigurationPlatforms) = postSolution
		{6A224DFD-1A27-4315-9CDA-6808138B4DF3}.Debug|Any CPU.ActiveCfg = Debug|Any CPU
		{6A224DFD-1A27-4315-9CDA-6808138B4DF3}.Debug|Any CPU.Build.0 = Debug|Any CPU
		{6A224DFD-1A27-4315-9CDA-6808138B4DF3}.Release|Any CPU.ActiveCfg = Release|Any CPU
		{6A224DFD-1A27-4315-9CDA-6808138B4DF3}.Release|Any CPU.Build.0 = Release|Any CPU
		{C5A3D75E-91EC-4E39-9651-772A339D9558}.Debug|Any CPU.ActiveCfg = Debug|Any CPU
		{C5A3D75E-91EC-4E39-9651-772A339D9558}.Debug|Any CPU.Build.0 = Debug|Any CPU
		{C5A3D75E-91EC-4E39-9651-772A339D9558}.Release|Any CPU.ActiveCfg = Release|Any CPU
		{C5A3D75E-91EC-4E39-9651-772A339D9558}.Release|Any CPU.Build.0 = Release|Any CPU
	EndGlobalSection
	GlobalSection(SolutionProperties) = preSolution
		HideSolutionNode = FALSE
	EndGlobalSection
	GlobalSection(ExtensibilityGlobals) = postSolution
		SolutionGuid = {9ED3A2DF-3AF3-497D-A2B2-4471F78D8E01}
	EndGlobalSection
EndGlobal
